
Microsoft Visual Studio Solution File, Format Version 12.00
# Visual Studio 15
VisualStudioVersion = 15.0.28307.960
MinimumVisualStudioVersion = 10.0.40219.1
Project("{FAE04EC0-301F-11D3-BF4B-00C04F79EFBC}") = "_1Monday", "_1Monday\_1Monday.csproj", "{F00CF384-BEDB-497D-A4E3-0F955AD32AF4}"
EndProject
Project("{FAE04EC0-301F-11D3-BF4B-00C04F79EFBC}") = "_2Tuesday", "_2Tuesday\_2Tuesday.csproj", "{F822707B-EEC5-461B-9AD3-6F94B950F69E}"
EndProject
Project("{FAE04EC0-301F-11D3-BF4B-00C04F79EFBC}") = "_3Wednesday", "_3Wednesday\_3Wednesday.csproj", "{A5F7609D-0687-4B11-B099-B15426B41D5A}"
EndProject
Project("{FAE04EC0-301F-11D3-BF4B-00C04F79EFBC}") = "_4Thursday", "_4Thursday\_4Thursday.csproj", "{EB8AD28C-7D65-4A8D-8127-32371AB2FAA8}"
EndProject
Global
	GlobalSection(SolutionConfigurationPlatforms) = preSolution
		Debug|Any CPU = Debug|Any CPU
		Release|Any CPU = Release|Any CPU
	EndGlobalSection
	GlobalSection(ProjectConfigurationPlatforms) = postSolution
		{F00CF384-BEDB-497D-A4E3-0F955AD32AF4}.Debug|Any CPU.ActiveCfg = Debug|Any CPU
		{F00CF384-BEDB-497D-A4E3-0F955AD32AF4}.Debug|Any CPU.Build.0 = Debug|Any CPU
		{F00CF384-BEDB-497D-A4E3-0F955AD32AF4}.Release|Any CPU.ActiveCfg = Release|Any CPU
		{F00CF384-BEDB-497D-A4E3-0F955AD32AF4}.Release|Any CPU.Build.0 = Release|Any CPU
		{F822707B-EEC5-461B-9AD3-6F94B950F69E}.Debug|Any CPU.ActiveCfg = Debug|Any CPU
		{F822707B-EEC5-461B-9AD3-6F94B950F69E}.Debug|Any CPU.Build.0 = Debug|Any CPU
		{F822707B-EEC5-461B-9AD3-6F94B950F69E}.Release|Any CPU.ActiveCfg = Release|Any CPU
		{F822707B-EEC5-461B-9AD3-6F94B950F69E}.Release|Any CPU.Build.0 = Release|Any CPU
		{A5F7609D-0687-4B11-B099-B15426B41D5A}.Debug|Any CPU.ActiveCfg = Debug|Any CPU
		{A5F7609D-0687-4B11-B099-B15426B41D5A}.Debug|Any CPU.Build.0 = Debug|Any CPU
		{A5F7609D-0687-4B11-B099-B15426B41D5A}.Release|Any CPU.ActiveCfg = Release|Any CPU
		{A5F7609D-0687-4B11-B099-B15426B41D5A}.Release|Any CPU.Build.0 = Release|Any CPU
		{EB8AD28C-7D65-4A8D-8127-32371AB2FAA8}.Debug|Any CPU.ActiveCfg = Debug|Any CPU
		{EB8AD28C-7D65-4A8D-8127-32371AB2FAA8}.Debug|Any CPU.Build.0 = Debug|Any CPU
		{EB8AD28C-7D65-4A8D-8127-32371AB2FAA8}.Release|Any CPU.ActiveCfg = Release|Any CPU
		{EB8AD28C-7D65-4A8D-8127-32371AB2FAA8}.Release|Any CPU.Build.0 = Release|Any CPU
	EndGlobalSection
	GlobalSection(SolutionProperties) = preSolution
		HideSolutionNode = FALSE
	EndGlobalSection
	GlobalSection(ExtensibilityGlobals) = postSolution
		SolutionGuid = {149430E6-A72C-42F4-8CB2-0771B9437E1E}
	EndGlobalSection
EndGlobal
